
Microsoft Visual Studio Solution File, Format Version 12.00
# Visual Studio for Mac
Project("{FAE04EC0-301F-11D3-BF4B-00C04F79EFBC}") = "Assembly-CSharp", "Assembly-CSharp.csproj", "{0D4509B6-8AE4-169C-4C20-01635A0299A2}"
EndProject
Project("{FAE04EC0-301F-11D3-BF4B-00C04F79EFBC}") = "Assembly-CSharp-Editor", "Assembly-CSharp-Editor.csproj", "{2ED020C7-A56D-DD99-924B-4B9E722633E1}"
EndProject
Global
	GlobalSection(SolutionConfigurationPlatforms) = preSolution
		Debug|Any CPU = Debug|Any CPU
		Release|Any CPU = Release|Any CPU
	EndGlobalSection
	GlobalSection(ProjectConfigurationPlatforms) = postSolution
		{0D4509B6-8AE4-169C-4C20-01635A0299A2}.Debug|Any CPU.ActiveCfg = Debug|Any CPU
		{0D4509B6-8AE4-169C-4C20-01635A0299A2}.Debug|Any CPU.Build.0 = Debug|Any CPU
		{0D4509B6-8AE4-169C-4C20-01635A0299A2}.Release|Any CPU.ActiveCfg = Release|Any CPU
		{0D4509B6-8AE4-169C-4C20-01635A0299A2}.Release|Any CPU.Build.0 = Release|Any CPU
		{2ED020C7-A56D-DD99-924B-4B9E722633E1}.Debug|Any CPU.ActiveCfg = Debug|Any CPU
		{2ED020C7-A56D-DD99-924B-4B9E722633E1}.Debug|Any CPU.Build.0 = Debug|Any CPU
		{2ED020C7-A56D-DD99-924B-4B9E722633E1}.Release|Any CPU.ActiveCfg = Release|Any CPU
		{2ED020C7-A56D-DD99-924B-4B9E722633E1}.Release|Any CPU.Build.0 = Release|Any CPU
	EndGlobalSection
	GlobalSection(SolutionProperties) = preSolution
		HideSolutionNode = FALSE
	EndGlobalSection
EndGlobal
